<Solution>
  <Configurations>
    <Platform Name="x64" />
  </Configurations>
  <Folder Name="/Example/" />
  <Folder Name="/Example/1/">
    <File Path="Example/1/Main.asm" />
    <File Path="Example/1/nasm.bin" />
  </Folder>
  <Folder Name="/解决方案项/">
    <File Path=".clang-format" />
    <File Path=".gitignore" />
    <File Path="LICENSE" />
    <File Path="README" />
  </Folder>
  <Project Path="Clasm/Clasm.vcxproj" Id="02e16a28-7cf8-4b66-9431-389ac25882ff" />
</Solution>
